
Microsoft Visual Studio Solution File, Format Version 12.00
# Visual Studio Version 16
VisualStudioVersion = 16.0.28803.202
MinimumVisualStudioVersion = 10.0.40219.1
Project("{8BC9CEB8-8B4A-11D0-8D11-00A0C91BC942}") = "HW_13", "HW_13.vcxproj", "{B7DF662B-7AB8-40AD-B625-960A6F5524B3}"
EndProject
Global
	GlobalSection(SolutionConfigurationPlatforms) = preSolution
		Debug|x64 = Debug|x64
		Debug|x86 = Debug|x86
		Release|x64 = Release|x64
		Release|x86 = Release|x86
	EndGlobalSection
	GlobalSection(ProjectConfigurationPlatforms) = postSolution
		{B7DF662B-7AB8-40AD-B625-960A6F5524B3}.Debug|x64.ActiveCfg = Debug|x64
		{B7DF662B-7AB8-40AD-B625-960A6F5524B3}.Debug|x64.Build.0 = Debug|x64
		{B7DF662B-7AB8-40AD-B625-960A6F5524B3}.Debug|x86.ActiveCfg = Debug|Win32
		{B7DF662B-7AB8-40AD-B625-960A6F5524B3}.Debug|x86.Build.0 = Debug|Win32
		{B7DF662B-7AB8-40AD-B625-960A6F5524B3}.Release|x64.ActiveCfg = Release|x64
		{B7DF662B-7AB8-40AD-B625-960A6F5524B3}.Release|x64.Build.0 = Release|x64
		{B7DF662B-7AB8-40AD-B625-960A6F5524B3}.Release|x86.ActiveCfg = Release|Win32
		{B7DF662B-7AB8-40AD-B625-960A6F5524B3}.Release|x86.Build.0 = Release|Win32
	EndGlobalSection
	GlobalSection(SolutionProperties) = preSolution
		HideSolutionNode = FALSE
	EndGlobalSection
	GlobalSection(ExtensibilityGlobals) = postSolution
		SolutionGuid = {4959ED60-8AE1-47D7-A01D-502AEA75ACF1}
	EndGlobalSection
EndGlobal
